
Microsoft Visual Studio Solution File, Format Version 12.00
# Visual Studio 2013
VisualStudioVersion = 12.0.21005.1
MinimumVisualStudioVersion = 10.0.40219.1
Project("{FAE04EC0-301F-11D3-BF4B-00C04F79EFBC}") = "Waterpolo Stats", "WPFPageSwitch\Waterpolo Stats.csproj", "{66F0DBCF-9C32-4B01-B6D1-71850B7A7A95}"
EndProject
Project("{2150E333-8FDC-42A3-9474-1A3956D46DE8}") = "Solution Items", "Solution Items", "{4F34CA2C-6633-4421-A4EE-2389AD587949}"
EndProject
Global
	GlobalSection(SolutionConfigurationPlatforms) = preSolution
		Debug|Any CPU = Debug|Any CPU
		Release|Any CPU = Release|Any CPU
	EndGlobalSection
	GlobalSection(ProjectConfigurationPlatforms) = postSolution
		{66F0DBCF-9C32-4B01-B6D1-71850B7A7A95}.Debug|Any CPU.ActiveCfg = Debug|Any CPU
		{66F0DBCF-9C32-4B01-B6D1-71850B7A7A95}.Debug|Any CPU.Build.0 = Debug|Any CPU
		{66F0DBCF-9C32-4B01-B6D1-71850B7A7A95}.Release|Any CPU.ActiveCfg = Release|Any CPU
		{66F0DBCF-9C32-4B01-B6D1-71850B7A7A95}.Release|Any CPU.Build.0 = Release|Any CPU
	EndGlobalSection
	GlobalSection(SolutionProperties) = preSolution
		HideSolutionNode = FALSE
	EndGlobalSection
EndGlobal
